
Microsoft Visual Studio Solution File, Format Version 12.00
# Visual Studio Version 17
VisualStudioVersion = 17.5.002.0
MinimumVisualStudioVersion = 10.0.40219.1
Project("{9A19103F-16F7-4668-BE54-9A1E7A4F7556}") = "PlatformService", "PlatformService\PlatformService.csproj", "{24C91464-133E-49FE-80F5-F9E2B489CFA8}"
EndProject
Global
	GlobalSection(SolutionConfigurationPlatforms) = preSolution
		Debug|Any CPU = Debug|Any CPU
		Release|Any CPU = Release|Any CPU
	EndGlobalSection
	GlobalSection(ProjectConfigurationPlatforms) = postSolution
		{24C91464-133E-49FE-80F5-F9E2B489CFA8}.Debug|Any CPU.ActiveCfg = Debug|Any CPU
		{24C91464-133E-49FE-80F5-F9E2B489CFA8}.Debug|Any CPU.Build.0 = Debug|Any CPU
		{24C91464-133E-49FE-80F5-F9E2B489CFA8}.Release|Any CPU.ActiveCfg = Release|Any CPU
		{24C91464-133E-49FE-80F5-F9E2B489CFA8}.Release|Any CPU.Build.0 = Release|Any CPU
	EndGlobalSection
	GlobalSection(SolutionProperties) = preSolution
		HideSolutionNode = FALSE
	EndGlobalSection
	GlobalSection(ExtensibilityGlobals) = postSolution
		SolutionGuid = {68084B2E-1094-48A5-9FEF-0CB368B11725}
	EndGlobalSection
EndGlobal
